
Microsoft Visual Studio Solution File, Format Version 12.00
# Visual Studio Version 17
VisualStudioVersion = 17.5.002.0
MinimumVisualStudioVersion = 10.0.40219.1
Project("{9A19103F-16F7-4668-BE54-9A1E7A4F7556}") = "OpenCasePlugin", "OpenCasePlugin.csproj", "{BE5C0FFA-D455-4965-A15F-DE0F3CC6780B}"
EndProject
Global
	GlobalSection(SolutionConfigurationPlatforms) = preSolution
		Debug|Any CPU = Debug|Any CPU
		Release|Any CPU = Release|Any CPU
	EndGlobalSection
	GlobalSection(ProjectConfigurationPlatforms) = postSolution
		{BE5C0FFA-D455-4965-A15F-DE0F3CC6780B}.Debug|Any CPU.ActiveCfg = Debug|Any CPU
		{BE5C0FFA-D455-4965-A15F-DE0F3CC6780B}.Debug|Any CPU.Build.0 = Debug|Any CPU
		{BE5C0FFA-D455-4965-A15F-DE0F3CC6780B}.Release|Any CPU.ActiveCfg = Release|Any CPU
		{BE5C0FFA-D455-4965-A15F-DE0F3CC6780B}.Release|Any CPU.Build.0 = Release|Any CPU
	EndGlobalSection
	GlobalSection(SolutionProperties) = preSolution
		HideSolutionNode = FALSE
	EndGlobalSection
	GlobalSection(ExtensibilityGlobals) = postSolution
		SolutionGuid = {F558FA26-B1DF-4DA2-8D8B-006183D440F5}
	EndGlobalSection
EndGlobal
